// !$*UTF8*$!
{
	archiveVersion = 1;
	classes = {
	};
	objectVersion = 77;
	objects = {

/* Begin PBXBuildFile section */
		010DB42A2F3542A3005BCE64 /* GoogleSignIn in Frameworks */ = {isa = PBXBuildFile; productRef = 010DB4292F3542A3005BCE64 /* GoogleSignIn */; };
		010DB42C2F3542A3005BCE64 /* GoogleSignInSwift in Frameworks */ = {isa = PBXBuildFile; productRef = 010DB42B2F3542A3005BCE64 /* GoogleSignInSwift */; };
		01358CBC2F3E8F5F009F03AC /* Localizable.strings in Resources */ = {isa = PBXBuildFile; fileRef = 01358CBA2F3E8F5F009F03AC /* Localizable.strings */; };
		01358CC02F3F6E35009F03AC /* FirebaseCore in Frameworks */ = {isa = PBXBuildFile; productRef = 01358CBF2F3F6E35009F03AC /* FirebaseCore */; };
		01358CC22F3F6E35009F03AC /* FirebaseFirestore in Frameworks */ = {isa = PBXBuildFile; productRef = 01358CC12F3F6E35009F03AC /* FirebaseFirestore */; };
		019D982C2F36449D009A2281 /* Swinject in Frameworks */ = {isa = PBXBuildFile; productRef = 019D982B2F36449D009A2281 /* Swinject */; };
/* End PBXBuildFile section */

/* Begin PBXContainerItemProxy section */
		013FDCFA2F2D2F7600611E0D /* PBXContainerItemProxy */ = {
			isa = PBXContainerItemProxy;
			containerPortal = 01F4B4E02F27E3F7002AC849 /* Project object */;
			proxyType = 1;
			remoteGlobalIDString = 01F4B4E72F27E3F7002AC849;
			remoteInfo = CookPad;
		};
/* End PBXContainerItemProxy section */

/* Begin PBXFileReference section */
		0116213C2F3A6FA800DD998F /* Release.xcconfig */ = {isa = PBXFileReference; lastKnownFileType = text.xcconfig; path = Release.xcconfig; sourceTree = "<group>"; };
		01358CBB2F3E8F5F009F03AC /* en */ = {isa = PBXFileReference; lastKnownFileType = text.plist.strings; name = en; path = en.lproj/Localizable.strings; sourceTree = "<group>"; };
		01358CBD2F3E8F63009F03AC /* es */ = {isa = PBXFileReference; lastKnownFileType = text.plist.strings; name = es; path = es.lproj/Localizable.strings; sourceTree = "<group>"; };
		013FDCF62F2D2F7600611E0D /* CookPadTests.xctest */ = {isa = PBXFileReference; explicitFileType = wrapper.cfbundle; includeInIndex = 0; path = CookPadTests.xctest; sourceTree = BUILT_PRODUCTS_DIR; };
		01F4B4E82F27E3F7002AC849 /* CookPad.app */ = {isa = PBXFileReference; explicitFileType = wrapper.application; includeInIndex = 0; path = CookPad.app; sourceTree = BUILT_PRODUCTS_DIR; };
/* End PBXFileReference section */

/* Begin PBXFileSystemSynchronizedBuildFileExceptionSet section */
		010DB4272F353F9C005BCE64 /* Exceptions for "CookPad" folder in "CookPad" target */ = {
			isa = PBXFileSystemSynchronizedBuildFileExceptionSet;
			membershipExceptions = (
				Debug.xcconfig,
				Info.plist,
				Prod.xcconfig,
			);
			target = 01F4B4E72F27E3F7002AC849 /* CookPad */;
		};
		01642B262F3A879A00AF2495 /* Exceptions for "CookPad" folder in "CookPadTests" target */ = {
			isa = PBXFileSystemSynchronizedBuildFileExceptionSet;
			membershipExceptions = (
				CookPadApp.swift,
			);
			target = 013FDCF52F2D2F7600611E0D /* CookPadTests */;
		};
/* End PBXFileSystemSynchronizedBuildFileExceptionSet section */

/* Begin PBXFileSystemSynchronizedRootGroup section */
		013FDCF72F2D2F7600611E0D /* CookPadTests */ = {
			isa = PBXFileSystemSynchronizedRootGroup;
			path = CookPadTests;
			sourceTree = "<group>";
		};
		01F4B4EA2F27E3F7002AC849 /* CookPad */ = {
			isa = PBXFileSystemSynchronizedRootGroup;
			exceptions = (
				010DB4272F353F9C005BCE64 /* Exceptions for "CookPad" folder in "CookPad" target */,
				01642B262F3A879A00AF2495 /* Exceptions for "CookPad" folder in "CookPadTests" target */,
			);
			path = CookPad;
			sourceTree = "<group>";
		};
/* End PBXFileSystemSynchronizedRootGroup section */

/* Begin PBXFrameworksBuildPhase section */
		013FDCF32F2D2F7600611E0D /* Frameworks */ = {
			isa = PBXFrameworksBuildPhase;
			buildActionMask = 2147483647;
			files = (
			);
			runOnlyForDeploymentPostprocessing = 0;
		};
		01F4B4E52F27E3F7002AC849 /* Frameworks */ = {
			isa = PBXFrameworksBuildPhase;
			buildActionMask = 2147483647;
			files = (
				010DB42A2F3542A3005BCE64 /* GoogleSignIn in Frameworks */,
				010DB42C2F3542A3005BCE64 /* GoogleSignInSwift in Frameworks */,
				01358CC02F3F6E35009F03AC /* FirebaseCore in Frameworks */,
				01358CC22F3F6E35009F03AC /* FirebaseFirestore in Frameworks */,
				019D982C2F36449D009A2281 /* Swinject in Frameworks */,
			);
			runOnlyForDeploymentPostprocessing = 0;
		};
/* End PBXFrameworksBuildPhase section */

/* Begin PBXGroup section */
		013A4A5D2F3A74540023AA29 /* Recovered References */ = {
			isa = PBXGroup;
			children = (
				0116213C2F3A6FA800DD998F /* Release.xcconfig */,
			);
			name = "Recovered References";
			sourceTree = "<group>";
		};
		01F4B4DF2F27E3F7002AC849 = {
			isa = PBXGroup;
			children = (
				01358CBA2F3E8F5F009F03AC /* Localizable.strings */,
				01F4B4EA2F27E3F7002AC849 /* CookPad */,
				013FDCF72F2D2F7600611E0D /* CookPadTests */,
				01F4B4E92F27E3F7002AC849 /* Products */,
				013A4A5D2F3A74540023AA29 /* Recovered References */,
			);
			sourceTree = "<group>";
		};
		01F4B4E92F27E3F7002AC849 /* Products */ = {
			isa = PBXGroup;
			children = (
				01F4B4E82F27E3F7002AC849 /* CookPad.app */,
				013FDCF62F2D2F7600611E0D /* CookPadTests.xctest */,
			);
			name = Products;
			sourceTree = "<group>";
		};
/* End PBXGroup section */

/* Begin PBXNativeTarget section */
		013FDCF52F2D2F7600611E0D /* CookPadTests */ = {
			isa = PBXNativeTarget;
			buildConfigurationList = 013FDCFC2F2D2F7600611E0D /* Build configuration list for PBXNativeTarget "CookPadTests" */;
			buildPhases = (
				013FDCF22F2D2F7600611E0D /* Sources */,
				013FDCF32F2D2F7600611E0D /* Frameworks */,
				013FDCF42F2D2F7600611E0D /* Resources */,
			);
			buildRules = (
			);
			dependencies = (
				013FDCFB2F2D2F7600611E0D /* PBXTargetDependency */,
			);
			fileSystemSynchronizedGroups = (
				013FDCF72F2D2F7600611E0D /* CookPadTests */,
			);
			name = CookPadTests;
			packageProductDependencies = (
			);
			productName = CookPadTests;
			productReference = 013FDCF62F2D2F7600611E0D /* CookPadTests.xctest */;
			productType = "com.apple.product-type.bundle.unit-test";
		};
		01F4B4E72F27E3F7002AC849 /* CookPad */ = {
			isa = PBXNativeTarget;
			buildConfigurationList = 01F4B4F32F27E3F8002AC849 /* Build configuration list for PBXNativeTarget "CookPad" */;
			buildPhases = (
				01F4B4E42F27E3F7002AC849 /* Sources */,
				01F4B4E52F27E3F7002AC849 /* Frameworks */,
				01F4B4E62F27E3F7002AC849 /* Resources */,
			);
			buildRules = (
			);
			dependencies = (
			);
			fileSystemSynchronizedGroups = (
				01F4B4EA2F27E3F7002AC849 /* CookPad */,
			);
			name = CookPad;
			packageProductDependencies = (
				010DB4292F3542A3005BCE64 /* GoogleSignIn */,
				010DB42B2F3542A3005BCE64 /* GoogleSignInSwift */,
				019D982B2F36449D009A2281 /* Swinject */,
				01358CBF2F3F6E35009F03AC /* FirebaseCore */,
				01358CC12F3F6E35009F03AC /* FirebaseFirestore */,
			);
			productName = CookPad;
			productReference = 01F4B4E82F27E3F7002AC849 /* CookPad.app */;
			productType = "com.apple.product-type.application";
		};
/* End PBXNativeTarget section */

/* Begin PBXProject section */
		01F4B4E02F27E3F7002AC849 /* Project object */ = {
			isa = PBXProject;
			attributes = {
				BuildIndependentTargetsInParallel = 1;
				LastSwiftUpdateCheck = 2620;
				LastUpgradeCheck = 2620;
				TargetAttributes = {
					013FDCF52F2D2F7600611E0D = {
						CreatedOnToolsVersion = 26.2;
						TestTargetID = 01F4B4E72F27E3F7002AC849;
					};
					01F4B4E72F27E3F7002AC849 = {
						CreatedOnToolsVersion = 26.2;
					};
				};
			};
			buildConfigurationList = 01F4B4E32F27E3F7002AC849 /* Build configuration list for PBXProject "CookPad" */;
			developmentRegion = en;
			hasScannedForEncodings = 0;
			knownRegions = (
				en,
				es,
			);
			mainGroup = 01F4B4DF2F27E3F7002AC849;
			minimizedProjectReferenceProxies = 1;
			packageReferences = (
				010DB4282F3542A3005BCE64 /* XCRemoteSwiftPackageReference "GoogleSignIn-iOS" */,
				019D982A2F36449D009A2281 /* XCRemoteSwiftPackageReference "Swinject" */,
				01358CBE2F3F6E35009F03AC /* XCRemoteSwiftPackageReference "firebase-ios-sdk" */,
			);
			preferredProjectObjectVersion = 77;
			productRefGroup = 01F4B4E92F27E3F7002AC849 /* Products */;
			projectDirPath = "";
			projectRoot = "";
			targets = (
				01F4B4E72F27E3F7002AC849 /* CookPad */,
				013FDCF52F2D2F7600611E0D /* CookPadTests */,
			);
		};
/* End PBXProject section */

/* Begin PBXResourcesBuildPhase section */
		013FDCF42F2D2F7600611E0D /* Resources */ = {
			isa = PBXResourcesBuildPhase;
			buildActionMask = 2147483647;
			files = (
			);
			runOnlyForDeploymentPostprocessing = 0;
		};
		01F4B4E62F27E3F7002AC849 /* Resources */ = {
			isa = PBXResourcesBuildPhase;
			buildActionMask = 2147483647;
			files = (
				01358CBC2F3E8F5F009F03AC /* Localizable.strings in Resources */,
			);
			runOnlyForDeploymentPostprocessing = 0;
		};
/* End PBXResourcesBuildPhase section */

/* Begin PBXSourcesBuildPhase section */
		013FDCF22F2D2F7600611E0D /* Sources */ = {
			isa = PBXSourcesBuildPhase;
			buildActionMask = 2147483647;
			files = (
			);
			runOnlyForDeploymentPostprocessing = 0;
		};
		01F4B4E42F27E3F7002AC849 /* Sources */ = {
			isa = PBXSourcesBuildPhase;
			buildActionMask = 2147483647;
			files = (
			);
			runOnlyForDeploymentPostprocessing = 0;
		};
/* End PBXSourcesBuildPhase section */

/* Begin PBXTargetDependency section */
		013FDCFB2F2D2F7600611E0D /* PBXTargetDependency */ = {
			isa = PBXTargetDependency;
			target = 01F4B4E72F27E3F7002AC849 /* CookPad */;
			targetProxy = 013FDCFA2F2D2F7600611E0D /* PBXContainerItemProxy */;
		};
/* End PBXTargetDependency section */

/* Begin PBXVariantGroup section */
		01358CBA2F3E8F5F009F03AC /* Localizable.strings */ = {
			isa = PBXVariantGroup;
			children = (
				01358CBB2F3E8F5F009F03AC /* en */,
				01358CBD2F3E8F63009F03AC /* es */,
			);
			name = Localizable.strings;
			sourceTree = "<group>";
		};
/* End PBXVariantGroup section */

/* Begin XCBuildConfiguration section */
		013FDCFD2F2D2F7600611E0D /* Debug */ = {
			isa = XCBuildConfiguration;
			buildSettings = {
				BUNDLE_LOADER = "$(TEST_HOST)";
				CODE_SIGN_STYLE = Automatic;
				CURRENT_PROJECT_VERSION = 1;
				DEVELOPMENT_TEAM = TJS8ZUTJ52;
				GENERATE_INFOPLIST_FILE = YES;
				MARKETING_VERSION = 1.0;
				PRODUCT_BUNDLE_IDENTIFIER = org.marselan.CookPadTests;
				PRODUCT_NAME = "$(TARGET_NAME)";
				STRING_CATALOG_GENERATE_SYMBOLS = NO;
				SWIFT_APPROACHABLE_CONCURRENCY = YES;
				SWIFT_EMIT_LOC_STRINGS = NO;
				SWIFT_UPCOMING_FEATURE_MEMBER_IMPORT_VISIBILITY = YES;
				SWIFT_VERSION = 5.0;
				TARGETED_DEVICE_FAMILY = "1,2";
				TEST_HOST = "$(BUILT_PRODUCTS_DIR)/CookPad.app/$(BUNDLE_EXECUTABLE_FOLDER_PATH)/CookPad";
			};
			name = Debug;
		};
		013FDCFE2F2D2F7600611E0D /* Release */ = {
			isa = XCBuildConfiguration;
			buildSettings = {
				BUNDLE_LOADER = "$(TEST_HOST)";
				CODE_SIGN_STYLE = Automatic;
				CURRENT_PROJECT_VERSION = 1;
				DEVELOPMENT_TEAM = TJS8ZUTJ52;
				GENERATE_INFOPLIST_FILE = YES;
				MARKETING_VERSION = 1.0;
				PRODUCT_BUNDLE_IDENTIFIER = org.marselan.CookPadTests;
				PRODUCT_NAME = "$(TARGET_NAME)";
				STRING_CATALOG_GENERATE_SYMBOLS = NO;
				SWIFT_APPROACHABLE_CONCURRENCY = YES;
				SWIFT_EMIT_LOC_STRINGS = NO;
				SWIFT_UPCOMING_FEATURE_MEMBER_IMPORT_VISIBILITY = YES;
				SWIFT_VERSION = 5.0;
				TARGETED_DEVICE_FAMILY = "1,2";
				TEST_HOST = "$(BUILT_PRODUCTS_DIR)/CookPad.app/$(BUNDLE_EXECUTABLE_FOLDER_PATH)/CookPad";
			};
			name = Release;
		};
		01F4B4F12F27E3F8002AC849 /* Debug */ = {
			isa = XCBuildConfiguration;
			baseConfigurationReferenceAnchor = 01F4B4EA2F27E3F7002AC849 /* CookPad */;
			baseConfigurationReferenceRelativePath = Debug.xcconfig;
			buildSettings = {
				ALWAYS_SEARCH_USER_PATHS = NO;
				ASSETCATALOG_COMPILER_GENERATE_SWIFT_ASSET_SYMBOL_EXTENSIONS = YES;
				CLANG_ANALYZER_NONNULL = YES;
				CLANG_ANALYZER_NUMBER_OBJECT_CONVERSION = YES_AGGRESSIVE;
				CLANG_CXX_LANGUAGE_STANDARD = "gnu++20";
				CLANG_ENABLE_MODULES = YES;
				CLANG_ENABLE_OBJC_ARC = YES;
				CLANG_ENABLE_OBJC_WEAK = YES;
				CLANG_WARN_BLOCK_CAPTURE_AUTORELEASING = YES;
				CLANG_WARN_BOOL_CONVERSION = YES;
				CLANG_WARN_COMMA = YES;
				CLANG_WARN_CONSTANT_CONVERSION = YES;
				CLANG_WARN_DEPRECATED_OBJC_IMPLEMENTATIONS = YES;
				CLANG_WARN_DIRECT_OBJC_ISA_USAGE = YES_ERROR;
				CLANG_WARN_DOCUMENTATION_COMMENTS = YES;
				CLANG_WARN_EMPTY_BODY = YES;
				CLANG_WARN_ENUM_CONVERSION = YES;
				CLANG_WARN_INFINITE_RECURSION = YES;
				CLANG_WARN_INT_CONVERSION = YES;
				CLANG_WARN_NON_LITERAL_NULL_CONVERSION = YES;
				CLANG_WARN_OBJC_IMPLICIT_RETAIN_SELF = YES;
				CLANG_WARN_OBJC_LITERAL_CONVERSION = YES;
				CLANG_WARN_OBJC_ROOT_CLASS = YES_ERROR;
				CLANG_WARN_QUOTED_INCLUDE_IN_FRAMEWORK_HEADER = YES;
				CLANG_WARN_RANGE_LOOP_ANALYSIS = YES;
				CLANG_WARN_STRICT_PROTOTYPES = YES;
				CLANG_WARN_SUSPICIOUS_MOVE = YES;
				CLANG_WARN_UNGUARDED_AVAILABILITY = YES_AGGRESSIVE;
				CLANG_WARN_UNREACHABLE_CODE = YES;
				CLANG_WARN__DUPLICATE_METHOD_MATCH = YES;
				COPY_PHASE_STRIP = NO;
				DEBUG_INFORMATION_FORMAT = dwarf;
				DEVELOPMENT_TEAM = TJS8ZUTJ52;
				ENABLE_STRICT_OBJC_MSGSEND = YES;
				ENABLE_TESTABILITY = YES;
				ENABLE_USER_SCRIPT_SANDBOXING = YES;
				GCC_C_LANGUAGE_STANDARD = gnu17;
				GCC_DYNAMIC_NO_PIC = NO;
				GCC_NO_COMMON_BLOCKS = YES;
				GCC_OPTIMIZATION_LEVEL = 0;
				GCC_PREPROCESSOR_DEFINITIONS = (
					"DEBUG=1",
					"$(inherited)",
				);
				GCC_WARN_64_TO_32_BIT_CONVERSION = YES;
				GCC_WARN_ABOUT_RETURN_TYPE = YES_ERROR;
				GCC_WARN_UNDECLARED_SELECTOR = YES;
				GCC_WARN_UNINITIALIZED_AUTOS = YES_AGGRESSIVE;
				GCC_WARN_UNUSED_FUNCTION = YES;
				GCC_WARN_UNUSED_VARIABLE = YES;
				IPHONEOS_DEPLOYMENT_TARGET = 26.2;
				LOCALIZATION_PREFERS_STRING_CATALOGS = YES;
				MTL_ENABLE_DEBUG_INFO = INCLUDE_SOURCE;
				MTL_FAST_MATH = YES;
				ONLY_ACTIVE_ARCH = YES;
				SDKROOT = iphoneos;
				SWIFT_ACTIVE_COMPILATION_CONDITIONS = "DEBUG $(inherited)";
				SWIFT_OPTIMIZATION_LEVEL = "-Onone";
			};
			name = Debug;
		};
		01F4B4F22F27E3F8002AC849 /* Release */ = {
			isa = XCBuildConfiguration;
			baseConfigurationReferenceAnchor = 01F4B4EA2F27E3F7002AC849 /* CookPad */;
			baseConfigurationReferenceRelativePath = Prod.xcconfig;
			buildSettings = {
				ALWAYS_SEARCH_USER_PATHS = NO;
				ASSETCATALOG_COMPILER_GENERATE_SWIFT_ASSET_SYMBOL_EXTENSIONS = YES;
				CLANG_ANALYZER_NONNULL = YES;
				CLANG_ANALYZER_NUMBER_OBJECT_CONVERSION = YES_AGGRESSIVE;
				CLANG_CXX_LANGUAGE_STANDARD = "gnu++20";
				CLANG_ENABLE_MODULES = YES;
				CLANG_ENABLE_OBJC_ARC = YES;
				CLANG_ENABLE_OBJC_WEAK = YES;
				CLANG_WARN_BLOCK_CAPTURE_AUTORELEASING = YES;
				CLANG_WARN_BOOL_CONVERSION = YES;
				CLANG_WARN_COMMA = YES;
				CLANG_WARN_CONSTANT_CONVERSION = YES;
				CLANG_WARN_DEPRECATED_OBJC_IMPLEMENTATIONS = YES;
				CLANG_WARN_DIRECT_OBJC_ISA_USAGE = YES_ERROR;
				CLANG_WARN_DOCUMENTATION_COMMENTS = YES;
				CLANG_WARN_EMPTY_BODY = YES;
				CLANG_WARN_ENUM_CONVERSION = YES;
				CLANG_WARN_INFINITE_RECURSION = YES;
				CLANG_WARN_INT_CONVERSION = YES;
				CLANG_WARN_NON_LITERAL_NULL_CONVERSION = YES;
				CLANG_WARN_OBJC_IMPLICIT_RETAIN_SELF = YES;
				CLANG_WARN_OBJC_LITERAL_CONVERSION = YES;
				CLANG_WARN_OBJC_ROOT_CLASS = YES_ERROR;
				CLANG_WARN_QUOTED_INCLUDE_IN_FRAMEWORK_HEADER = YES;
				CLANG_WARN_RANGE_LOOP_ANALYSIS = YES;
				CLANG_WARN_STRICT_PROTOTYPES = YES;
				CLANG_WARN_SUSPICIOUS_MOVE = YES;
				CLANG_WARN_UNGUARDED_AVAILABILITY = YES_AGGRESSIVE;
				CLANG_WARN_UNREACHABLE_CODE = YES;
				CLANG_WARN__DUPLICATE_METHOD_MATCH = YES;
				COPY_PHASE_STRIP = NO;
				DEBUG_INFORMATION_FORMAT = "dwarf-with-dsym";
				DEVELOPMENT_TEAM = TJS8ZUTJ52;
				ENABLE_NS_ASSERTIONS = NO;
				ENABLE_STRICT_OBJC_MSGSEND = YES;
				ENABLE_USER_SCRIPT_SANDBOXING = YES;
				GCC_C_LANGUAGE_STANDARD = gnu17;
				GCC_NO_COMMON_BLOCKS = YES;
				GCC_WARN_64_TO_32_BIT_CONVERSION = YES;
				GCC_WARN_ABOUT_RETURN_TYPE = YES_ERROR;
				GCC_WARN_UNDECLARED_SELECTOR = YES;
				GCC_WARN_UNINITIALIZED_AUTOS = YES_AGGRESSIVE;
				GCC_WARN_UNUSED_FUNCTION = YES;
				GCC_WARN_UNUSED_VARIABLE = YES;
				IPHONEOS_DEPLOYMENT_TARGET = 26.2;
				LOCALIZATION_PREFERS_STRING_CATALOGS = YES;
				MTL_ENABLE_DEBUG_INFO = NO;
				MTL_FAST_MATH = YES;
				SDKROOT = iphoneos;
				SWIFT_COMPILATION_MODE = wholemodule;
				VALIDATE_PRODUCT = YES;
			};
			name = Release;
		};
		01F4B4F42F27E3F8002AC849 /* Debug */ = {
			isa = XCBuildConfiguration;
			buildSettings = {
				ASSETCATALOG_COMPILER_APPICON_NAME = AppIcon;
				ASSETCATALOG_COMPILER_GLOBAL_ACCENT_COLOR_NAME = AccentColor;
				CODE_SIGN_STYLE = Automatic;
				CURRENT_PROJECT_VERSION = 1;
				DEVELOPMENT_TEAM = TJS8ZUTJ52;
				ENABLE_PREVIEWS = YES;
				GENERATE_INFOPLIST_FILE = YES;
				INFOPLIST_FILE = CookPad/Info.plist;
				INFOPLIST_KEY_UIApplicationSceneManifest_Generation = YES;
				INFOPLIST_KEY_UIApplicationSupportsIndirectInputEvents = YES;
				INFOPLIST_KEY_UILaunchScreen_Generation = YES;
				INFOPLIST_KEY_UISupportedInterfaceOrientations = UIInterfaceOrientationPortrait;
				LD_RUNPATH_SEARCH_PATHS = (
					"$(inherited)",
					"@executable_path/Frameworks",
				);
				MARKETING_VERSION = 1.0;
				PRODUCT_BUNDLE_IDENTIFIER = org.marselan.CookPad;
				PRODUCT_NAME = "$(TARGET_NAME)";
				STRING_CATALOG_GENERATE_SYMBOLS = YES;
				SWIFT_APPROACHABLE_CONCURRENCY = YES;
				SWIFT_DEFAULT_ACTOR_ISOLATION = MainActor;
				SWIFT_EMIT_LOC_STRINGS = YES;
				SWIFT_UPCOMING_FEATURE_MEMBER_IMPORT_VISIBILITY = YES;
				SWIFT_VERSION = 5.0;
				TARGETED_DEVICE_FAMILY = "1,2";
			};
			name = Debug;
		};
		01F4B4F52F27E3F8002AC849 /* Release */ = {
			isa = XCBuildConfiguration;
			buildSettings = {
				ASSETCATALOG_COMPILER_APPICON_NAME = AppIcon;
				ASSETCATALOG_COMPILER_GLOBAL_ACCENT_COLOR_NAME = AccentColor;
				CODE_SIGN_STYLE = Automatic;
				CURRENT_PROJECT_VERSION = 1;
				DEVELOPMENT_TEAM = TJS8ZUTJ52;
				ENABLE_PREVIEWS = YES;
				GENERATE_INFOPLIST_FILE = YES;
				INFOPLIST_FILE = CookPad/Info.plist;
				INFOPLIST_KEY_UIApplicationSceneManifest_Generation = YES;
				INFOPLIST_KEY_UIApplicationSupportsIndirectInputEvents = YES;
				INFOPLIST_KEY_UILaunchScreen_Generation = YES;
				INFOPLIST_KEY_UISupportedInterfaceOrientations = UIInterfaceOrientationPortrait;
				LD_RUNPATH_SEARCH_PATHS = (
					"$(inherited)",
					"@executable_path/Frameworks",
				);
				MARKETING_VERSION = 1.0;
				PRODUCT_BUNDLE_IDENTIFIER = org.marselan.CookPad;
				PRODUCT_NAME = "$(TARGET_NAME)";
				STRING_CATALOG_GENERATE_SYMBOLS = YES;
				SWIFT_APPROACHABLE_CONCURRENCY = YES;
				SWIFT_DEFAULT_ACTOR_ISOLATION = MainActor;
				SWIFT_EMIT_LOC_STRINGS = YES;
				SWIFT_UPCOMING_FEATURE_MEMBER_IMPORT_VISIBILITY = YES;
				SWIFT_VERSION = 5.0;
				TARGETED_DEVICE_FAMILY = "1,2";
			};
			name = Release;
		};
/* End XCBuildConfiguration section */

/* Begin XCConfigurationList section */
		013FDCFC2F2D2F7600611E0D /* Build configuration list for PBXNativeTarget "CookPadTests" */ = {
			isa = XCConfigurationList;
			buildConfigurations = (
				013FDCFD2F2D2F7600611E0D /* Debug */,
				013FDCFE2F2D2F7600611E0D /* Release */,
			);
			defaultConfigurationIsVisible = 0;
			defaultConfigurationName = Release;
		};
		01F4B4E32F27E3F7002AC849 /* Build configuration list for PBXProject "CookPad" */ = {
			isa = XCConfigurationList;
			buildConfigurations = (
				01F4B4F12F27E3F8002AC849 /* Debug */,
				01F4B4F22F27E3F8002AC849 /* Release */,
			);
			defaultConfigurationIsVisible = 0;
			defaultConfigurationName = Release;
		};
		01F4B4F32F27E3F8002AC849 /* Build configuration list for PBXNativeTarget "CookPad" */ = {
			isa = XCConfigurationList;
			buildConfigurations = (
				01F4B4F42F27E3F8002AC849 /* Debug */,
				01F4B4F52F27E3F8002AC849 /* Release */,
			);
			defaultConfigurationIsVisible = 0;
			defaultConfigurationName = Release;
		};
/* End XCConfigurationList section */

/* Begin XCRemoteSwiftPackageReference section */
		010DB4282F3542A3005BCE64 /* XCRemoteSwiftPackageReference "GoogleSignIn-iOS" */ = {
			isa = XCRemoteSwiftPackageReference;
			repositoryURL = "https://github.com/google/GoogleSignIn-iOS";
			requirement = {
				kind = upToNextMajorVersion;
				minimumVersion = 9.1.0;
			};
		};
		01358CBE2F3F6E35009F03AC /* XCRemoteSwiftPackageReference "firebase-ios-sdk" */ = {
			isa = XCRemoteSwiftPackageReference;
			repositoryURL = "https://github.com/firebase/firebase-ios-sdk.git";
			requirement = {
				kind = upToNextMajorVersion;
				minimumVersion = 12.9.0;
			};
		};
		019D982A2F36449D009A2281 /* XCRemoteSwiftPackageReference "Swinject" */ = {
			isa = XCRemoteSwiftPackageReference;
			repositoryURL = "https://github.com/Swinject/Swinject.git";
			requirement = {
				kind = upToNextMajorVersion;
				minimumVersion = 2.10.0;
			};
		};
/* End XCRemoteSwiftPackageReference section */

/* Begin XCSwiftPackageProductDependency section */
		010DB4292F3542A3005BCE64 /* GoogleSignIn */ = {
			isa = XCSwiftPackageProductDependency;
			package = 010DB4282F3542A3005BCE64 /* XCRemoteSwiftPackageReference "GoogleSignIn-iOS" */;
			productName = GoogleSignIn;
		};
		010DB42B2F3542A3005BCE64 /* GoogleSignInSwift */ = {
			isa = XCSwiftPackageProductDependency;
			package = 010DB4282F3542A3005BCE64 /* XCRemoteSwiftPackageReference "GoogleSignIn-iOS" */;
			productName = GoogleSignInSwift;
		};
		01358CBF2F3F6E35009F03AC /* FirebaseCore */ = {
			isa = XCSwiftPackageProductDependency;
			package = 01358CBE2F3F6E35009F03AC /* XCRemoteSwiftPackageReference "firebase-ios-sdk" */;
			productName = FirebaseCore;
		};
		01358CC12F3F6E35009F03AC /* FirebaseFirestore */ = {
			isa = XCSwiftPackageProductDependency;
			package = 01358CBE2F3F6E35009F03AC /* XCRemoteSwiftPackageReference "firebase-ios-sdk" */;
			productName = FirebaseFirestore;
		};
		019D982B2F36449D009A2281 /* Swinject */ = {
			isa = XCSwiftPackageProductDependency;
			package = 019D982A2F36449D009A2281 /* XCRemoteSwiftPackageReference "Swinject" */;
			productName = Swinject;
		};
/* End XCSwiftPackageProductDependency section */
	};
	rootObject = 01F4B4E02F27E3F7002AC849 /* Project object */;
}
